{
  "lockfileVersion": 1,
  "workspaces": {
    "": {
      "name": "swan-computer-web",
      "dependencies": {
        "@xterm/addon-fit": "^0.10.0",
        "@xterm/addon-unicode11": "^0.8.0",
        "@xterm/addon-web-links": "^0.11.0",
        "@xterm/addon-webgl": "^0.18.0",
        "@xterm/xterm": "^5.5.0",
        "ethers": "^6.15.0",
        "next": "^15.5.2",
        "react": "^19.1.1",
        "react-dom": "^19.1.1",
        "three": "^0.179.1",
        "typed.js": "^2.1.0",
      },
    },
  },
  "packages": {
    "@adraffy/ens-normalize": ["@adraffy/ens-normalize@1.10.1", "", {}, "sha512-96Z2IP3mYmF1Xg2cDm8f1gWGf/HUVedQ3FMifV4kG/PQ4yEP51xDtRAEfhVNt5f/uzpNkZHwWQuUcu6D6K+Ekw=="],

    "@emnapi/runtime": ["@emnapi/runtime@1.5.0", "", { "dependencies": { "tslib": "^2.4.0" } }, "sha512-97/BJ3iXHww3djw6hYIfErCZFee7qCtrneuLa20UXFCOTCfBM2cvQHjWJ2EG0s0MtdNwInarqCTz35i4wWXHsQ=="],

    "@img/sharp-darwin-arm64": ["@img/sharp-darwin-arm64@0.34.3", "", { "optionalDependencies": { "@img/sharp-libvips-darwin-arm64": "1.2.0" }, "os": "darwin", "cpu": "arm64" }, "sha512-ryFMfvxxpQRsgZJqBd4wsttYQbCxsJksrv9Lw/v798JcQ8+w84mBWuXwl+TT0WJ/WrYOLaYpwQXi3sA9nTIaIg=="],

    "@img/sharp-darwin-x64": ["@img/sharp-darwin-x64@0.34.3", "", { "optionalDependencies": { "@img/sharp-libvips-darwin-x64": "1.2.0" }, "os": "darwin", "cpu": "x64" }, "sha512-yHpJYynROAj12TA6qil58hmPmAwxKKC7reUqtGLzsOHfP7/rniNGTL8tjWX6L3CTV4+5P4ypcS7Pp+7OB+8ihA=="],

    "@img/sharp-libvips-darwin-arm64": ["@img/sharp-libvips-darwin-arm64@1.2.0", "", { "os": "darwin", "cpu": "arm64" }, "sha512-sBZmpwmxqwlqG9ueWFXtockhsxefaV6O84BMOrhtg/YqbTaRdqDE7hxraVE3y6gVM4eExmfzW4a8el9ArLeEiQ=="],

    "@img/sharp-libvips-darwin-x64": ["@img/sharp-libvips-darwin-x64@1.2.0", "", { "os": "darwin", "cpu": "x64" }, "sha512-M64XVuL94OgiNHa5/m2YvEQI5q2cl9d/wk0qFTDVXcYzi43lxuiFTftMR1tOnFQovVXNZJ5TURSDK2pNe9Yzqg=="],

    "@img/sharp-libvips-linux-arm": ["@img/sharp-libvips-linux-arm@1.2.0", "", { "os": "linux", "cpu": "arm" }, "sha512-mWd2uWvDtL/nvIzThLq3fr2nnGfyr/XMXlq8ZJ9WMR6PXijHlC3ksp0IpuhK6bougvQrchUAfzRLnbsen0Cqvw=="],

    "@img/sharp-libvips-linux-arm64": ["@img/sharp-libvips-linux-arm64@1.2.0", "", { "os": "linux", "cpu": "arm64" }, "sha512-RXwd0CgG+uPRX5YYrkzKyalt2OJYRiJQ8ED/fi1tq9WQW2jsQIn0tqrlR5l5dr/rjqq6AHAxURhj2DVjyQWSOA=="],

    "@img/sharp-libvips-linux-ppc64": ["@img/sharp-libvips-linux-ppc64@1.2.0", "", { "os": "linux", "cpu": "ppc64" }, "sha512-Xod/7KaDDHkYu2phxxfeEPXfVXFKx70EAFZ0qyUdOjCcxbjqyJOEUpDe6RIyaunGxT34Anf9ue/wuWOqBW2WcQ=="],

    "@img/sharp-libvips-linux-s390x": ["@img/sharp-libvips-linux-s390x@1.2.0", "", { "os": "linux", "cpu": "s390x" }, "sha512-eMKfzDxLGT8mnmPJTNMcjfO33fLiTDsrMlUVcp6b96ETbnJmd4uvZxVJSKPQfS+odwfVaGifhsB07J1LynFehw=="],

    "@img/sharp-libvips-linux-x64": ["@img/sharp-libvips-linux-x64@1.2.0", "", { "os": "linux", "cpu": "x64" }, "sha512-ZW3FPWIc7K1sH9E3nxIGB3y3dZkpJlMnkk7z5tu1nSkBoCgw2nSRTFHI5pB/3CQaJM0pdzMF3paf9ckKMSE9Tg=="],

    "@img/sharp-libvips-linuxmusl-arm64": ["@img/sharp-libvips-linuxmusl-arm64@1.2.0", "", { "os": "linux", "cpu": "arm64" }, "sha512-UG+LqQJbf5VJ8NWJ5Z3tdIe/HXjuIdo4JeVNADXBFuG7z9zjoegpzzGIyV5zQKi4zaJjnAd2+g2nna8TZvuW9Q=="],

    "@img/sharp-libvips-linuxmusl-x64": ["@img/sharp-libvips-linuxmusl-x64@1.2.0", "", { "os": "linux", "cpu": "x64" }, "sha512-SRYOLR7CXPgNze8akZwjoGBoN1ThNZoqpOgfnOxmWsklTGVfJiGJoC/Lod7aNMGA1jSsKWM1+HRX43OP6p9+6Q=="],

    "@img/sharp-linux-arm": ["@img/sharp-linux-arm@0.34.3", "", { "optionalDependencies": { "@img/sharp-libvips-linux-arm": "1.2.0" }, "os": "linux", "cpu": "arm" }, "sha512-oBK9l+h6KBN0i3dC8rYntLiVfW8D8wH+NPNT3O/WBHeW0OQWCjfWksLUaPidsrDKpJgXp3G3/hkmhptAW0I3+A=="],

    "@img/sharp-linux-arm64": ["@img/sharp-linux-arm64@0.34.3", "", { "optionalDependencies": { "@img/sharp-libvips-linux-arm64": "1.2.0" }, "os": "linux", "cpu": "arm64" }, "sha512-QdrKe3EvQrqwkDrtuTIjI0bu6YEJHTgEeqdzI3uWJOH6G1O8Nl1iEeVYRGdj1h5I21CqxSvQp1Yv7xeU3ZewbA=="],

    "@img/sharp-linux-ppc64": ["@img/sharp-linux-ppc64@0.34.3", "", { "optionalDependencies": { "@img/sharp-libvips-linux-ppc64": "1.2.0" }, "os": "linux", "cpu": "ppc64" }, "sha512-GLtbLQMCNC5nxuImPR2+RgrviwKwVql28FWZIW1zWruy6zLgA5/x2ZXk3mxj58X/tszVF69KK0Is83V8YgWhLA=="],

    "@img/sharp-linux-s390x": ["@img/sharp-linux-s390x@0.34.3", "", { "optionalDependencies": { "@img/sharp-libvips-linux-s390x": "1.2.0" }, "os": "linux", "cpu": "s390x" }, "sha512-3gahT+A6c4cdc2edhsLHmIOXMb17ltffJlxR0aC2VPZfwKoTGZec6u5GrFgdR7ciJSsHT27BD3TIuGcuRT0KmQ=="],

    "@img/sharp-linux-x64": ["@img/sharp-linux-x64@0.34.3", "", { "optionalDependencies": { "@img/sharp-libvips-linux-x64": "1.2.0" }, "os": "linux", "cpu": "x64" }, "sha512-8kYso8d806ypnSq3/Ly0QEw90V5ZoHh10yH0HnrzOCr6DKAPI6QVHvwleqMkVQ0m+fc7EH8ah0BB0QPuWY6zJQ=="],

    "@img/sharp-linuxmusl-arm64": ["@img/sharp-linuxmusl-arm64@0.34.3", "", { "optionalDependencies": { "@img/sharp-libvips-linuxmusl-arm64": "1.2.0" }, "os": "linux", "cpu": "arm64" }, "sha512-vAjbHDlr4izEiXM1OTggpCcPg9tn4YriK5vAjowJsHwdBIdx0fYRsURkxLG2RLm9gyBq66gwtWI8Gx0/ov+JKQ=="],

    "@img/sharp-linuxmusl-x64": ["@img/sharp-linuxmusl-x64@0.34.3", "", { "optionalDependencies": { "@img/sharp-libvips-linuxmusl-x64": "1.2.0" }, "os": "linux", "cpu": "x64" }, "sha512-gCWUn9547K5bwvOn9l5XGAEjVTTRji4aPTqLzGXHvIr6bIDZKNTA34seMPgM0WmSf+RYBH411VavCejp3PkOeQ=="],

    "@img/sharp-wasm32": ["@img/sharp-wasm32@0.34.3", "", { "dependencies": { "@emnapi/runtime": "^1.4.4" }, "cpu": "none" }, "sha512-+CyRcpagHMGteySaWos8IbnXcHgfDn7pO2fiC2slJxvNq9gDipYBN42/RagzctVRKgxATmfqOSulgZv5e1RdMg=="],

    "@img/sharp-win32-arm64": ["@img/sharp-win32-arm64@0.34.3", "", { "os": "win32", "cpu": "arm64" }, "sha512-MjnHPnbqMXNC2UgeLJtX4XqoVHHlZNd+nPt1kRPmj63wURegwBhZlApELdtxM2OIZDRv/DFtLcNhVbd1z8GYXQ=="],

    "@img/sharp-win32-ia32": ["@img/sharp-win32-ia32@0.34.3", "", { "os": "win32", "cpu": "ia32" }, "sha512-xuCdhH44WxuXgOM714hn4amodJMZl3OEvf0GVTm0BEyMeA2to+8HEdRPShH0SLYptJY1uBw+SCFP9WVQi1Q/cw=="],

    "@img/sharp-win32-x64": ["@img/sharp-win32-x64@0.34.3", "", { "os": "win32", "cpu": "x64" }, "sha512-OWwz05d++TxzLEv4VnsTz5CmZ6mI6S05sfQGEMrNrQcOEERbX46332IvE7pO/EUiw7jUrrS40z/M7kPyjfl04g=="],

    "@next/env": ["@next/env@15.5.2", "", {}, "sha512-Qe06ew4zt12LeO6N7j8/nULSOe3fMXE4dM6xgpBQNvdzyK1sv5y4oAP3bq4LamrvGCZtmRYnW8URFCeX5nFgGg=="],

    "@next/swc-darwin-arm64": ["@next/swc-darwin-arm64@15.5.2", "", { "os": "darwin", "cpu": "arm64" }, "sha512-8bGt577BXGSd4iqFygmzIfTYizHb0LGWqH+qgIF/2EDxS5JsSdERJKA8WgwDyNBZgTIIA4D8qUtoQHmxIIquoQ=="],

    "@next/swc-darwin-x64": ["@next/swc-darwin-x64@15.5.2", "", { "os": "darwin", "cpu": "x64" }, "sha512-2DjnmR6JHK4X+dgTXt5/sOCu/7yPtqpYt8s8hLkHFK3MGkka2snTv3yRMdHvuRtJVkPwCGsvBSwmoQCHatauFQ=="],

    "@next/swc-linux-arm64-gnu": ["@next/swc-linux-arm64-gnu@15.5.2", "", { "os": "linux", "cpu": "arm64" }, "sha512-3j7SWDBS2Wov/L9q0mFJtEvQ5miIqfO4l7d2m9Mo06ddsgUK8gWfHGgbjdFlCp2Ek7MmMQZSxpGFqcC8zGh2AA=="],

    "@next/swc-linux-arm64-musl": ["@next/swc-linux-arm64-musl@15.5.2", "", { "os": "linux", "cpu": "arm64" }, "sha512-s6N8k8dF9YGc5T01UPQ08yxsK6fUow5gG1/axWc1HVVBYQBgOjca4oUZF7s4p+kwhkB1bDSGR8QznWrFZ/Rt5g=="],

    "@next/swc-linux-x64-gnu": ["@next/swc-linux-x64-gnu@15.5.2", "", { "os": "linux", "cpu": "x64" }, "sha512-o1RV/KOODQh6dM6ZRJGZbc+MOAHww33Vbs5JC9Mp1gDk8cpEO+cYC/l7rweiEalkSm5/1WGa4zY7xrNwObN4+Q=="],

    "@next/swc-linux-x64-musl": ["@next/swc-linux-x64-musl@15.5.2", "", { "os": "linux", "cpu": "x64" }, "sha512-/VUnh7w8RElYZ0IV83nUcP/J4KJ6LLYliiBIri3p3aW2giF+PAVgZb6mk8jbQSB3WlTai8gEmCAr7kptFa1H6g=="],

    "@next/swc-win32-arm64-msvc": ["@next/swc-win32-arm64-msvc@15.5.2", "", { "os": "win32", "cpu": "arm64" }, "sha512-sMPyTvRcNKXseNQ/7qRfVRLa0VhR0esmQ29DD6pqvG71+JdVnESJaHPA8t7bc67KD5spP3+DOCNLhqlEI2ZgQg=="],

    "@next/swc-win32-x64-msvc": ["@next/swc-win32-x64-msvc@15.5.2", "", { "os": "win32", "cpu": "x64" }, "sha512-W5VvyZHnxG/2ukhZF/9Ikdra5fdNftxI6ybeVKYvBPDtyx7x4jPPSNduUkfH5fo3zG0JQ0bPxgy41af2JX5D4Q=="],

    "@noble/curves": ["@noble/curves@1.2.0", "", { "dependencies": { "@noble/hashes": "1.3.2" } }, "sha512-oYclrNgRaM9SsBUBVbb8M6DTV7ZHRTKugureoYEncY5c65HOmRzvSiTE3y5CYaPYJA/GVkrhXEoF0M3Ya9PMnw=="],

    "@noble/hashes": ["@noble/hashes@1.3.2", "", {}, "sha512-MVC8EAQp7MvEcm30KWENFjgR+Mkmf+D189XJTkFIlwohU5hcBbn1ZkKq7KVTi2Hme3PMGF390DaL52beVrIihQ=="],

    "@swc/helpers": ["@swc/helpers@0.5.15", "", { "dependencies": { "tslib": "^2.8.0" } }, "sha512-JQ5TuMi45Owi4/BIMAJBoSQoOJu12oOk/gADqlcUL9JEdHB8vyjUSsxqeNXnmXHjYKMi2WcYtezGEEhqUI/E2g=="],

    "@types/node": ["@types/node@22.7.5", "", { "dependencies": { "undici-types": "~6.19.2" } }, "sha512-jML7s2NAzMWc//QSJ1a3prpk78cOPchGvXJsC3C6R6PSMoooztvRVQEz89gmBTBY1SPMaqo5teB4uNHPdetShQ=="],

    "@xterm/addon-fit": ["@xterm/addon-fit@0.10.0", "", { "peerDependencies": { "@xterm/xterm": "^5.0.0" } }, "sha512-UFYkDm4HUahf2lnEyHvio51TNGiLK66mqP2JoATy7hRZeXaGMRDr00JiSF7m63vR5WKATF605yEggJKsw0JpMQ=="],

    "@xterm/addon-unicode11": ["@xterm/addon-unicode11@0.8.0", "", { "peerDependencies": { "@xterm/xterm": "^5.0.0" } }, "sha512-LxinXu8SC4OmVa6FhgwsVCBZbr8WoSGzBl2+vqe8WcQ6hb1r6Gj9P99qTNdPiFPh4Ceiu2pC8xukZ6+2nnh49Q=="],

    "@xterm/addon-web-links": ["@xterm/addon-web-links@0.11.0", "", { "peerDependencies": { "@xterm/xterm": "^5.0.0" } }, "sha512-nIHQ38pQI+a5kXnRaTgwqSHnX7KE6+4SVoceompgHL26unAxdfP6IPqUTSYPQgSwM56hsElfoNrrW5V7BUED/Q=="],

    "@xterm/addon-webgl": ["@xterm/addon-webgl@0.18.0", "", { "peerDependencies": { "@xterm/xterm": "^5.0.0" } }, "sha512-xCnfMBTI+/HKPdRnSOHaJDRqEpq2Ugy8LEj9GiY4J3zJObo3joylIFaMvzBwbYRg8zLtkO0KQaStCeSfoaI2/w=="],

    "@xterm/xterm": ["@xterm/xterm@5.5.0", "", {}, "sha512-hqJHYaQb5OptNunnyAnkHyM8aCjZ1MEIDTQu1iIbbTD/xops91NB5yq1ZK/dC2JDbVWtF23zUtl9JE2NqwT87A=="],

    "aes-js": ["aes-js@4.0.0-beta.5", "", {}, "sha512-G965FqalsNyrPqgEGON7nIx1e/OVENSgiEIzyC63haUMuvNnwIgIjMs52hlTCKhkBny7A2ORNlfY9Zu+jmGk1Q=="],

    "caniuse-lite": ["caniuse-lite@1.0.30001737", "", {}, "sha512-BiloLiXtQNrY5UyF0+1nSJLXUENuhka2pzy2Fx5pGxqavdrxSCW4U6Pn/PoG3Efspi2frRbHpBV2XsrPE6EDlw=="],

    "client-only": ["client-only@0.0.1", "", {}, "sha512-IV3Ou0jSMzZrd3pZ48nLkT9DA7Ag1pnPzaiQhpW7c3RbcqqzvzzVu+L8gfqMp/8IM2MQtSiqaCxrrcfu8I8rMA=="],

    "color": ["color@4.2.3", "", { "dependencies": { "color-convert": "^2.0.1", "color-string": "^1.9.0" } }, "sha512-1rXeuUUiGGrykh+CeBdu5Ie7OJwinCgQY0bc7GCRxy5xVHy+moaqkpL/jqQq0MtQOeYcrqEz4abc5f0KtU7W4A=="],

    "color-convert": ["color-convert@2.0.1", "", { "dependencies": { "color-name": "~1.1.4" } }, "sha512-RRECPsj7iu/xb5oKYcsFHSppFNnsj/52OVTRKb4zP5onXwVF3zVmmToNcOfGC+CRDpfK/U584fMg38ZHCaElKQ=="],

    "color-name": ["color-name@1.1.4", "", {}, "sha512-dOy+3AuW3a2wNbZHIuMZpTcgjGuLU/uBL/ubcZF9OXbDo8ff4O8yVp5Bf0efS8uEoYo5q4Fx7dY9OgQGXgAsQA=="],

    "color-string": ["color-string@1.9.1", "", { "dependencies": { "color-name": "^1.0.0", "simple-swizzle": "^0.2.2" } }, "sha512-shrVawQFojnZv6xM40anx4CkoDP+fZsw/ZerEMsW/pyzsRbElpsL/DBVW7q3ExxwusdNXI3lXpuhEZkzs8p5Eg=="],

    "detect-libc": ["detect-libc@2.0.4", "", {}, "sha512-3UDv+G9CsCKO1WKMGw9fwq/SWJYbI0c5Y7LU1AXYoDdbhE2AHQ6N6Nb34sG8Fj7T5APy8qXDCKuuIHd1BR0tVA=="],

    "ethers": ["ethers@6.15.0", "", { "dependencies": { "@adraffy/ens-normalize": "1.10.1", "@noble/curves": "1.2.0", "@noble/hashes": "1.3.2", "@types/node": "22.7.5", "aes-js": "4.0.0-beta.5", "tslib": "2.7.0", "ws": "8.17.1" } }, "sha512-Kf/3ZW54L4UT0pZtsY/rf+EkBU7Qi5nnhonjUb8yTXcxH3cdcWrV2cRyk0Xk/4jK6OoHhxxZHriyhje20If2hQ=="],

    "is-arrayish": ["is-arrayish@0.3.2", "", {}, "sha512-eVRqCvVlZbuw3GrM63ovNSNAeA1K16kaR/LRY/92w0zxQ5/1YzwblUX652i4Xs9RwAGjW9d9y6X88t8OaAJfWQ=="],

    "nanoid": ["nanoid@3.3.11", "", { "bin": { "nanoid": "bin/nanoid.cjs" } }, "sha512-N8SpfPUnUp1bK+PMYW8qSWdl9U+wwNWI4QKxOYDy9JAro3WMX7p2OeVRF9v+347pnakNevPmiHhNmZ2HbFA76w=="],

    "next": ["next@15.5.2", "", { "dependencies": { "@next/env": "15.5.2", "@swc/helpers": "0.5.15", "caniuse-lite": "^1.0.30001579", "postcss": "8.4.31", "styled-jsx": "5.1.6" }, "optionalDependencies": { "@next/swc-darwin-arm64": "15.5.2", "@next/swc-darwin-x64": "15.5.2", "@next/swc-linux-arm64-gnu": "15.5.2", "@next/swc-linux-arm64-musl": "15.5.2", "@next/swc-linux-x64-gnu": "15.5.2", "@next/swc-linux-x64-musl": "15.5.2", "@next/swc-win32-arm64-msvc": "15.5.2", "@next/swc-win32-x64-msvc": "15.5.2", "sharp": "^0.34.3" }, "peerDependencies": { "@opentelemetry/api": "^1.1.0", "@playwright/test": "^1.51.1", "babel-plugin-react-compiler": "*", "react": "^18.2.0 || 19.0.0-rc-de68d2f4-20241204 || ^19.0.0", "react-dom": "^18.2.0 || 19.0.0-rc-de68d2f4-20241204 || ^19.0.0", "sass": "^1.3.0" }, "optionalPeers": ["@opentelemetry/api", "@playwright/test", "babel-plugin-react-compiler", "sass"], "bin": { "next": "dist/bin/next" } }, "sha512-H8Otr7abj1glFhbGnvUt3gz++0AF1+QoCXEBmd/6aKbfdFwrn0LpA836Ed5+00va/7HQSDD+mOoVhn3tNy3e/Q=="],

    "picocolors": ["picocolors@1.1.1", "", {}, "sha512-xceH2snhtb5M9liqDsmEw56le376mTZkEX/jEb/RxNFyegNul7eNslCXP9FDj/Lcu0X8KEyMceP2ntpaHrDEVA=="],

    "postcss": ["postcss@8.4.31", "", { "dependencies": { "nanoid": "^3.3.6", "picocolors": "^1.0.0", "source-map-js": "^1.0.2" } }, "sha512-PS08Iboia9mts/2ygV3eLpY5ghnUcfLV/EXTOW1E2qYxJKGGBUtNjN76FYHnMs36RmARn41bC0AZmn+rR0OVpQ=="],

    "react": ["react@19.1.1", "", {}, "sha512-w8nqGImo45dmMIfljjMwOGtbmC/mk4CMYhWIicdSflH91J9TyCyczcPFXJzrZ/ZXcgGRFeP6BU0BEJTw6tZdfQ=="],

    "react-dom": ["react-dom@19.1.1", "", { "dependencies": { "scheduler": "^0.26.0" }, "peerDependencies": { "react": "^19.1.1" } }, "sha512-Dlq/5LAZgF0Gaz6yiqZCf6VCcZs1ghAJyrsu84Q/GT0gV+mCxbfmKNoGRKBYMJ8IEdGPqu49YWXD02GCknEDkw=="],

    "scheduler": ["scheduler@0.26.0", "", {}, "sha512-NlHwttCI/l5gCPR3D1nNXtWABUmBwvZpEQiD4IXSbIDq8BzLIK/7Ir5gTFSGZDUu37K5cMNp0hFtzO38sC7gWA=="],

    "semver": ["semver@7.7.2", "", { "bin": { "semver": "bin/semver.js" } }, "sha512-RF0Fw+rO5AMf9MAyaRXI4AV0Ulj5lMHqVxxdSgiVbixSCXoEmmX/jk0CuJw4+3SqroYO9VoUh+HcuJivvtJemA=="],

    "sharp": ["sharp@0.34.3", "", { "dependencies": { "color": "^4.2.3", "detect-libc": "^2.0.4", "semver": "^7.7.2" }, "optionalDependencies": { "@img/sharp-darwin-arm64": "0.34.3", "@img/sharp-darwin-x64": "0.34.3", "@img/sharp-libvips-darwin-arm64": "1.2.0", "@img/sharp-libvips-darwin-x64": "1.2.0", "@img/sharp-libvips-linux-arm": "1.2.0", "@img/sharp-libvips-linux-arm64": "1.2.0", "@img/sharp-libvips-linux-ppc64": "1.2.0", "@img/sharp-libvips-linux-s390x": "1.2.0", "@img/sharp-libvips-linux-x64": "1.2.0", "@img/sharp-libvips-linuxmusl-arm64": "1.2.0", "@img/sharp-libvips-linuxmusl-x64": "1.2.0", "@img/sharp-linux-arm": "0.34.3", "@img/sharp-linux-arm64": "0.34.3", "@img/sharp-linux-ppc64": "0.34.3", "@img/sharp-linux-s390x": "0.34.3", "@img/sharp-linux-x64": "0.34.3", "@img/sharp-linuxmusl-arm64": "0.34.3", "@img/sharp-linuxmusl-x64": "0.34.3", "@img/sharp-wasm32": "0.34.3", "@img/sharp-win32-arm64": "0.34.3", "@img/sharp-win32-ia32": "0.34.3", "@img/sharp-win32-x64": "0.34.3" } }, "sha512-eX2IQ6nFohW4DbvHIOLRB3MHFpYqaqvXd3Tp5e/T/dSH83fxaNJQRvDMhASmkNTsNTVF2/OOopzRCt7xokgPfg=="],

    "simple-swizzle": ["simple-swizzle@0.2.2", "", { "dependencies": { "is-arrayish": "^0.3.1" } }, "sha512-JA//kQgZtbuY83m+xT+tXJkmJncGMTFT+C+g2h2R9uxkYIrE2yy9sgmcLhCnw57/WSD+Eh3J97FPEDFnbXnDUg=="],

    "source-map-js": ["source-map-js@1.2.1", "", {}, "sha512-UXWMKhLOwVKb728IUtQPXxfYU+usdybtUrK/8uGE8CQMvrhOpwvzDBwj0QhSL7MQc7vIsISBG8VQ8+IDQxpfQA=="],

    "styled-jsx": ["styled-jsx@5.1.6", "", { "dependencies": { "client-only": "0.0.1" }, "peerDependencies": { "react": ">= 16.8.0 || 17.x.x || ^18.0.0-0 || ^19.0.0-0" } }, "sha512-qSVyDTeMotdvQYoHWLNGwRFJHC+i+ZvdBRYosOFgC+Wg1vx4frN2/RG/NA7SYqqvKNLf39P2LSRA2pu6n0XYZA=="],

    "three": ["three@0.179.1", "", {}, "sha512-5y/elSIQbrvKOISxpwXCR4sQqHtGiOI+MKLc3SsBdDXA2hz3Mdp3X59aUp8DyybMa34aeBwbFTpdoLJaUDEWSw=="],

    "tslib": ["tslib@2.7.0", "", {}, "sha512-gLXCKdN1/j47AiHiOkJN69hJmcbGTHI0ImLmbYLHykhgeN0jVGola9yVjFgzCUklsZQMW55o+dW7IXv3RCXDzA=="],

    "typed.js": ["typed.js@2.1.0", "", {}, "sha512-bDuXEf7YcaKN4g08NMTUM6G90XU25CK3bh6U0THC/Mod/QPKlEt9g/EjvbYB8x2Qwr2p6J6I3NrsoYaVnY6wsQ=="],

    "undici-types": ["undici-types@6.19.8", "", {}, "sha512-ve2KP6f/JnbPBFyobGHuerC9g1FYGn/F8n1LWTwNxCEzd6IfqTwUQcNXgEtmmQ6DlRrC1hrSrBnCZPokRrDHjw=="],

    "ws": ["ws@8.17.1", "", { "peerDependencies": { "bufferutil": "^4.0.1", "utf-8-validate": ">=5.0.2" }, "optionalPeers": ["bufferutil", "utf-8-validate"] }, "sha512-6XQFvXTkbfUOZOKKILFG1PDK2NDQs4azKQl26T0YS5CxqWLgXajbPZ+h4gZekJyRqFU8pvnbAbbs/3TgRPy+GQ=="],

    "@emnapi/runtime/tslib": ["tslib@2.8.1", "", {}, "sha512-oJFu94HQb+KVduSUQL7wnpmqnfmLsOA/nAh6b6EH0wCEoK0/mPeXU6c3wKDV83MkOuHPRHtSXKKU99IBazS/2w=="],

    "@swc/helpers/tslib": ["tslib@2.8.1", "", {}, "sha512-oJFu94HQb+KVduSUQL7wnpmqnfmLsOA/nAh6b6EH0wCEoK0/mPeXU6c3wKDV83MkOuHPRHtSXKKU99IBazS/2w=="],
  }
}
